// !$*UTF8*$!
{
	archiveVersion = 1;
	classes = {
	};
	objectVersion = 50;
	objects = {

/* Begin PBXBuildFile section */
		DC86291822BE4D020055DC59 /* AppDelegate.swift in Sources */ = {isa = PBXBuildFile; fileRef = DC86291722BE4D020055DC59 /* AppDelegate.swift */; };
		DC86291A22BE4D020055DC59 /* ViewController.swift in Sources */ = {isa = PBXBuildFile; fileRef = DC86291922BE4D020055DC59 /* ViewController.swift */; };
		DC86291D22BE4D020055DC59 /* Main.storyboard in Resources */ = {isa = PBXBuildFile; fileRef = DC86291B22BE4D020055DC59 /* Main.storyboard */; };
		DC86291F22BE4D040055DC59 /* Assets.xcassets in Resources */ = {isa = PBXBuildFile; fileRef = DC86291E22BE4D040055DC59 /* Assets.xcassets */; };
		DC86292222BE4D040055DC59 /* LaunchScreen.storyboard in Resources */ = {isa = PBXBuildFile; fileRef = DC86292022BE4D040055DC59 /* LaunchScreen.storyboard */; };
		DC86292D22BE4D050055DC59 /* Weather_AppTests.swift in Sources */ = {isa = PBXBuildFile; fileRef = DC86292C22BE4D050055DC59 /* Weather_AppTests.swift */; };
		DC86293822BE4D050055DC59 /* Weather_AppUITests.swift in Sources */ = {isa = PBXBuildFile; fileRef = DC86293722BE4D050055DC59 /* Weather_AppUITests.swift */; };
		DC86294622BE4DAC0055DC59 /* clouds-moon.jpg in Resources */ = {isa = PBXBuildFile; fileRef = DC86294522BE4DAC0055DC59 /* clouds-moon.jpg */; };
/* End PBXBuildFile section */

/* Begin PBXContainerItemProxy section */
		DC86292922BE4D050055DC59 /* PBXContainerItemProxy */ = {
			isa = PBXContainerItemProxy;
			containerPortal = DC86290C22BE4D020055DC59 /* Project object */;
			proxyType = 1;
			remoteGlobalIDString = DC86291322BE4D020055DC59;
			remoteInfo = "Weather App";
		};
		DC86293422BE4D050055DC59 /* PBXContainerItemProxy */ = {
			isa = PBXContainerItemProxy;
			containerPortal = DC86290C22BE4D020055DC59 /* Project object */;
			proxyType = 1;
			remoteGlobalIDString = DC86291322BE4D020055DC59;
			remoteInfo = "Weather App";
		};
/* End PBXContainerItemProxy section */

/* Begin PBXFileReference section */
		DC86291422BE4D020055DC59 /* Weather App.app */ = {isa = PBXFileReference; explicitFileType = wrapper.application; includeInIndex = 0; path = "Weather App.app"; sourceTree = BUILT_PRODUCTS_DIR; };
		DC86291722BE4D020055DC59 /* AppDelegate.swift */ = {isa = PBXFileReference; lastKnownFileType = sourcecode.swift; path = AppDelegate.swift; sourceTree = "<group>"; };
		DC86291922BE4D020055DC59 /* ViewController.swift */ = {isa = PBXFileReference; lastKnownFileType = sourcecode.swift; path = ViewController.swift; sourceTree = "<group>"; };
		DC86291C22BE4D020055DC59 /* Base */ = {isa = PBXFileReference; lastKnownFileType = file.storyboard; name = Base; path = Base.lproj/Main.storyboard; sourceTree = "<group>"; };
		DC86291E22BE4D040055DC59 /* Assets.xcassets */ = {isa = PBXFileReference; lastKnownFileType = folder.assetcatalog; path = Assets.xcassets; sourceTree = "<group>"; };
		DC86292122BE4D040055DC59 /* Base */ = {isa = PBXFileReference; lastKnownFileType = file.storyboard; name = Base; path = Base.lproj/LaunchScreen.storyboard; sourceTree = "<group>"; };
		DC86292322BE4D040055DC59 /* Info.plist */ = {isa = PBXFileReference; lastKnownFileType = text.plist.xml; path = Info.plist; sourceTree = "<group>"; };
		DC86292822BE4D050055DC59 /* Weather AppTests.xctest */ = {isa = PBXFileReference; explicitFileType = wrapper.cfbundle; includeInIndex = 0; path = "Weather AppTests.xctest"; sourceTree = BUILT_PRODUCTS_DIR; };
		DC86292C22BE4D050055DC59 /* Weather_AppTests.swift */ = {isa = PBXFileReference; lastKnownFileType = sourcecode.swift; path = Weather_AppTests.swift; sourceTree = "<group>"; };
		DC86292E22BE4D050055DC59 /* Info.plist */ = {isa = PBXFileReference; lastKnownFileType = text.plist.xml; path = Info.plist; sourceTree = "<group>"; };
		DC86293322BE4D050055DC59 /* Weather AppUITests.xctest */ = {isa = PBXFileReference; explicitFileType = wrapper.cfbundle; includeInIndex = 0; path = "Weather AppUITests.xctest"; sourceTree = BUILT_PRODUCTS_DIR; };
		DC86293722BE4D050055DC59 /* Weather_AppUITests.swift */ = {isa = PBXFileReference; lastKnownFileType = sourcecode.swift; path = Weather_AppUITests.swift; sourceTree = "<group>"; };
		DC86293922BE4D050055DC59 /* Info.plist */ = {isa = PBXFileReference; lastKnownFileType = text.plist.xml; path = Info.plist; sourceTree = "<group>"; };
		DC86294522BE4DAC0055DC59 /* clouds-moon.jpg */ = {isa = PBXFileReference; lastKnownFileType = image.jpeg; path = "clouds-moon.jpg"; sourceTree = "<group>"; };
/* End PBXFileReference section */

/* Begin PBXFrameworksBuildPhase section */
		DC86291122BE4D020055DC59 /* Frameworks */ = {
			isa = PBXFrameworksBuildPhase;
			buildActionMask = 2147483647;
			files = (
			);
			runOnlyForDeploymentPostprocessing = 0;
		};
		DC86292522BE4D050055DC59 /* Frameworks */ = {
			isa = PBXFrameworksBuildPhase;
			buildActionMask = 2147483647;
			files = (
			);
			runOnlyForDeploymentPostprocessing = 0;
		};
		DC86293022BE4D050055DC59 /* Frameworks */ = {
			isa = PBXFrameworksBuildPhase;
			buildActionMask = 2147483647;
			files = (
			);
			runOnlyForDeploymentPostprocessing = 0;
		};
/* End PBXFrameworksBuildPhase section */

/* Begin PBXGroup section */
		DC86290B22BE4D020055DC59 = {
			isa = PBXGroup;
			children = (
				DC86291622BE4D020055DC59 /* Weather App */,
				DC86292B22BE4D050055DC59 /* Weather AppTests */,
				DC86293622BE4D050055DC59 /* Weather AppUITests */,
				DC86291522BE4D020055DC59 /* Products */,
			);
			sourceTree = "<group>";
		};
		DC86291522BE4D020055DC59 /* Products */ = {
			isa = PBXGroup;
			children = (
				DC86291422BE4D020055DC59 /* Weather App.app */,
				DC86292822BE4D050055DC59 /* Weather AppTests.xctest */,
				DC86293322BE4D050055DC59 /* Weather AppUITests.xctest */,
			);
			name = Products;
			sourceTree = "<group>";
		};
		DC86291622BE4D020055DC59 /* Weather App */ = {
			isa = PBXGroup;
			children = (
				DC86291722BE4D020055DC59 /* AppDelegate.swift */,
				DC86291922BE4D020055DC59 /* ViewController.swift */,
				DC86291B22BE4D020055DC59 /* Main.storyboard */,
				DC86291E22BE4D040055DC59 /* Assets.xcassets */,
				DC86292022BE4D040055DC59 /* LaunchScreen.storyboard */,
				DC86292322BE4D040055DC59 /* Info.plist */,
				DC86294522BE4DAC0055DC59 /* clouds-moon.jpg */,
			);
			path = "Weather App";
			sourceTree = "<group>";
		};
		DC86292B22BE4D050055DC59 /* Weather AppTests */ = {
			isa = PBXGroup;
			children = (
				DC86292C22BE4D050055DC59 /* Weather_AppTests.swift */,
				DC86292E22BE4D050055DC59 /* Info.plist */,
			);
			path = "Weather AppTests";
			sourceTree = "<group>";
		};
		DC86293622BE4D050055DC59 /* Weather AppUITests */ = {
			isa = PBXGroup;
			children = (
				DC86293722BE4D050055DC59 /* Weather_AppUITests.swift */,
				DC86293922BE4D050055DC59 /* Info.plist */,
			);
			path = "Weather AppUITests";
			sourceTree = "<group>";
		};
/* End PBXGroup section */

/* Begin PBXNativeTarget section */
		DC86291322BE4D020055DC59 /* Weather App */ = {
			isa = PBXNativeTarget;
			buildConfigurationList = DC86293C22BE4D050055DC59 /* Build configuration list for PBXNativeTarget "Weather App" */;
			buildPhases = (
				DC86291022BE4D020055DC59 /* Sources */,
				DC86291122BE4D020055DC59 /* Frameworks */,
				DC86291222BE4D020055DC59 /* Resources */,
			);
			buildRules = (
			);
			dependencies = (
			);
			name = "Weather App";
			productName = "Weather App";
			productReference = DC86291422BE4D020055DC59 /* Weather App.app */;
			productType = "com.apple.product-type.application";
		};
		DC86292722BE4D050055DC59 /* Weather AppTests */ = {
			isa = PBXNativeTarget;
			buildConfigurationList = DC86293F22BE4D050055DC59 /* Build configuration list for PBXNativeTarget "Weather AppTests" */;
			buildPhases = (
				DC86292422BE4D050055DC59 /* Sources */,
				DC86292522BE4D050055DC59 /* Frameworks */,
				DC86292622BE4D050055DC59 /* Resources */,
			);
			buildRules = (
			);
			dependencies = (
				DC86292A22BE4D050055DC59 /* PBXTargetDependency */,
			);
			name = "Weather AppTests";
			productName = "Weather AppTests";
			productReference = DC86292822BE4D050055DC59 /* Weather AppTests.xctest */;
			productType = "com.apple.product-type.bundle.unit-test";
		};
		DC86293222BE4D050055DC59 /* Weather AppUITests */ = {
			isa = PBXNativeTarget;
			buildConfigurationList = DC86294222BE4D050055DC59 /* Build configuration list for PBXNativeTarget "Weather AppUITests" */;
			buildPhases = (
				DC86292F22BE4D050055DC59 /* Sources */,
				DC86293022BE4D050055DC59 /* Frameworks */,
				DC86293122BE4D050055DC59 /* Resources */,
			);
			buildRules = (
			);
			dependencies = (
				DC86293522BE4D050055DC59 /* PBXTargetDependency */,
			);
			name = "Weather AppUITests";
			productName = "Weather AppUITests";
			productReference = DC86293322BE4D050055DC59 /* Weather AppUITests.xctest */;
			productType = "com.apple.product-type.bundle.ui-testing";
		};
/* End PBXNativeTarget section */

/* Begin PBXProject section */
		DC86290C22BE4D020055DC59 /* Project object */ = {
			isa = PBXProject;
			attributes = {
				LastSwiftUpdateCheck = 1010;
				LastUpgradeCheck = 1010;
				ORGANIZATIONNAME = TimWheeler.com;
				TargetAttributes = {
					DC86291322BE4D020055DC59 = {
						CreatedOnToolsVersion = 10.1;
					};
					DC86292722BE4D050055DC59 = {
						CreatedOnToolsVersion = 10.1;
						TestTargetID = DC86291322BE4D020055DC59;
					};
					DC86293222BE4D050055DC59 = {
						CreatedOnToolsVersion = 10.1;
						TestTargetID = DC86291322BE4D020055DC59;
					};
				};
			};
			buildConfigurationList = DC86290F22BE4D020055DC59 /* Build configuration list for PBXProject "Weather App" */;
			compatibilityVersion = "Xcode 9.3";
			developmentRegion = en;
			hasScannedForEncodings = 0;
			knownRegions = (
				en,
				Base,
			);
			mainGroup = DC86290B22BE4D020055DC59;
			productRefGroup = DC86291522BE4D020055DC59 /* Products */;
			projectDirPath = "";
			projectRoot = "";
			targets = (
				DC86291322BE4D020055DC59 /* Weather App */,
				DC86292722BE4D050055DC59 /* Weather AppTests */,
				DC86293222BE4D050055DC59 /* Weather AppUITests */,
			);
		};
/* End PBXProject section */

/* Begin PBXResourcesBuildPhase section */
		DC86291222BE4D020055DC59 /* Resources */ = {
			isa = PBXResourcesBuildPhase;
			buildActionMask = 2147483647;
			files = (
				DC86292222BE4D040055DC59 /* LaunchScreen.storyboard in Resources */,
				DC86291F22BE4D040055DC59 /* Assets.xcassets in Resources */,
				DC86294622BE4DAC0055DC59 /* clouds-moon.jpg in Resources */,
				DC86291D22BE4D020055DC59 /* Main.storyboard in Resources */,
			);
			runOnlyForDeploymentPostprocessing = 0;
		};
		DC86292622BE4D050055DC59 /* Resources */ = {
			isa = PBXResourcesBuildPhase;
			buildActionMask = 2147483647;
			files = (
			);
			runOnlyForDeploymentPostprocessing = 0;
		};
		DC86293122BE4D050055DC59 /* Resources */ = {
			isa = PBXResourcesBuildPhase;
			buildActionMask = 2147483647;
			files = (
			);
			runOnlyForDeploymentPostprocessing = 0;
		};
/* End PBXResourcesBuildPhase section */

/* Begin PBXSourcesBuildPhase section */
		DC86291022BE4D020055DC59 /* Sources */ = {
			isa = PBXSourcesBuildPhase;
			buildActionMask = 2147483647;
			files = (
				DC86291A22BE4D020055DC59 /* ViewController.swift in Sources */,
				DC86291822BE4D020055DC59 /* AppDelegate.swift in Sources */,
			);
			runOnlyForDeploymentPostprocessing = 0;
		};
		DC86292422BE4D050055DC59 /* Sources */ = {
			isa = PBXSourcesBuildPhase;
			buildActionMask = 2147483647;
			files = (
				DC86292D22BE4D050055DC59 /* Weather_AppTests.swift in Sources */,
			);
			runOnlyForDeploymentPostprocessing = 0;
		};
		DC86292F22BE4D050055DC59 /* Sources */ = {
			isa = PBXSourcesBuildPhase;
			buildActionMask = 2147483647;
			files = (
				DC86293822BE4D050055DC59 /* Weather_AppUITests.swift in Sources */,
			);
			runOnlyForDeploymentPostprocessing = 0;
		};
/* End PBXSourcesBuildPhase section */

/* Begin PBXTargetDependency section */
		DC86292A22BE4D050055DC59 /* PBXTargetDependency */ = {
			isa = PBXTargetDependency;
			target = DC86291322BE4D020055DC59 /* Weather App */;
			targetProxy = DC86292922BE4D050055DC59 /* PBXContainerItemProxy */;
		};
		DC86293522BE4D050055DC59 /* PBXTargetDependency */ = {
			isa = PBXTargetDependency;
			target = DC86291322BE4D020055DC59 /* Weather App */;
			targetProxy = DC86293422BE4D050055DC59 /* PBXContainerItemProxy */;
		};
/* End PBXTargetDependency section */

/* Begin PBXVariantGroup section */
		DC86291B22BE4D020055DC59 /* Main.storyboard */ = {
			isa = PBXVariantGroup;
			children = (
				DC86291C22BE4D020055DC59 /* Base */,
			);
			name = Main.storyboard;
			sourceTree = "<group>";
		};
		DC86292022BE4D040055DC59 /* LaunchScreen.storyboard */ = {
			isa = PBXVariantGroup;
			children = (
				DC86292122BE4D040055DC59 /* Base */,
			);
			name = LaunchScreen.storyboard;
			sourceTree = "<group>";
		};
/* End PBXVariantGroup section */

/* Begin XCBuildConfiguration section */
		DC86293A22BE4D050055DC59 /* Debug */ = {
			isa = XCBuildConfiguration;
			buildSettings = {
				ALWAYS_SEARCH_USER_PATHS = NO;
				CLANG_ANALYZER_NONNULL = YES;
				CLANG_ANALYZER_NUMBER_OBJECT_CONVERSION = YES_AGGRESSIVE;
				CLANG_CXX_LANGUAGE_STANDARD = "gnu++14";
				CLANG_CXX_LIBRARY = "libc++";
				CLANG_ENABLE_MODULES = YES;
				CLANG_ENABLE_OBJC_ARC = YES;
				CLANG_ENABLE_OBJC_WEAK = YES;
				CLANG_WARN_BLOCK_CAPTURE_AUTORELEASING = YES;
				CLANG_WARN_BOOL_CONVERSION = YES;
				CLANG_WARN_COMMA = YES;
				CLANG_WARN_CONSTANT_CONVERSION = YES;
				CLANG_WARN_DEPRECATED_OBJC_IMPLEMENTATIONS = YES;
				CLANG_WARN_DIRECT_OBJC_ISA_USAGE = YES_ERROR;
				CLANG_WARN_DOCUMENTATION_COMMENTS = YES;
				CLANG_WARN_EMPTY_BODY = YES;
				CLANG_WARN_ENUM_CONVERSION = YES;
				CLANG_WARN_INFINITE_RECURSION = YES;
				CLANG_WARN_INT_CONVERSION = YES;
				CLANG_WARN_NON_LITERAL_NULL_CONVERSION = YES;
				CLANG_WARN_OBJC_IMPLICIT_RETAIN_SELF = YES;
				CLANG_WARN_OBJC_LITERAL_CONVERSION = YES;
				CLANG_WARN_OBJC_ROOT_CLASS = YES_ERROR;
				CLANG_WARN_RANGE_LOOP_ANALYSIS = YES;
				CLANG_WARN_STRICT_PROTOTYPES = YES;
				CLANG_WARN_SUSPICIOUS_MOVE = YES;
				CLANG_WARN_UNGUARDED_AVAILABILITY = YES_AGGRESSIVE;
				CLANG_WARN_UNREACHABLE_CODE = YES;
				CLANG_WARN__DUPLICATE_METHOD_MATCH = YES;
				CODE_SIGN_IDENTITY = "iPhone Developer";
				COPY_PHASE_STRIP = NO;
				DEBUG_INFORMATION_FORMAT = dwarf;
				ENABLE_STRICT_OBJC_MSGSEND = YES;
				ENABLE_TESTABILITY = YES;
				GCC_C_LANGUAGE_STANDARD = gnu11;
				GCC_DYNAMIC_NO_PIC = NO;
				GCC_NO_COMMON_BLOCKS = YES;
				GCC_OPTIMIZATION_LEVEL = 0;
				GCC_PREPROCESSOR_DEFINITIONS = (
					"DEBUG=1",
					"$(inherited)",
				);
				GCC_WARN_64_TO_32_BIT_CONVERSION = YES;
				GCC_WARN_ABOUT_RETURN_TYPE = YES_ERROR;
				GCC_WARN_UNDECLARED_SELECTOR = YES;
				GCC_WARN_UNINITIALIZED_AUTOS = YES_AGGRESSIVE;
				GCC_WARN_UNUSED_FUNCTION = YES;
				GCC_WARN_UNUSED_VARIABLE = YES;
				IPHONEOS_DEPLOYMENT_TARGET = 12.1;
				MTL_ENABLE_DEBUG_INFO = INCLUDE_SOURCE;
				MTL_FAST_MATH = YES;
				ONLY_ACTIVE_ARCH = YES;
				SDKROOT = iphoneos;
				SWIFT_ACTIVE_COMPILATION_CONDITIONS = DEBUG;
				SWIFT_OPTIMIZATION_LEVEL = "-Onone";
			};
			name = Debug;
		};
		DC86293B22BE4D050055DC59 /* Release */ = {
			isa = XCBuildConfiguration;
			buildSettings = {
				ALWAYS_SEARCH_USER_PATHS = NO;
				CLANG_ANALYZER_NONNULL = YES;
				CLANG_ANALYZER_NUMBER_OBJECT_CONVERSION = YES_AGGRESSIVE;
				CLANG_CXX_LANGUAGE_STANDARD = "gnu++14";
				CLANG_CXX_LIBRARY = "libc++";
				CLANG_ENABLE_MODULES = YES;
				CLANG_ENABLE_OBJC_ARC = YES;
				CLANG_ENABLE_OBJC_WEAK = YES;
				CLANG_WARN_BLOCK_CAPTURE_AUTORELEASING = YES;
				CLANG_WARN_BOOL_CONVERSION = YES;
				CLANG_WARN_COMMA = YES;
				CLANG_WARN_CONSTANT_CONVERSION = YES;
				CLANG_WARN_DEPRECATED_OBJC_IMPLEMENTATIONS = YES;
				CLANG_WARN_DIRECT_OBJC_ISA_USAGE = YES_ERROR;
				CLANG_WARN_DOCUMENTATION_COMMENTS = YES;
				CLANG_WARN_EMPTY_BODY = YES;
				CLANG_WARN_ENUM_CONVERSION = YES;
				CLANG_WARN_INFINITE_RECURSION = YES;
				CLANG_WARN_INT_CONVERSION = YES;
				CLANG_WARN_NON_LITERAL_NULL_CONVERSION = YES;
				CLANG_WARN_OBJC_IMPLICIT_RETAIN_SELF = YES;
				CLANG_WARN_OBJC_LITERAL_CONVERSION = YES;
				CLANG_WARN_OBJC_ROOT_CLASS = YES_ERROR;
				CLANG_WARN_RANGE_LOOP_ANALYSIS = YES;
				CLANG_WARN_STRICT_PROTOTYPES = YES;
				CLANG_WARN_SUSPICIOUS_MOVE = YES;
				CLANG_WARN_UNGUARDED_AVAILABILITY = YES_AGGRESSIVE;
				CLANG_WARN_UNREACHABLE_CODE = YES;
				CLANG_WARN__DUPLICATE_METHOD_MATCH = YES;
				CODE_SIGN_IDENTITY = "iPhone Developer";
				COPY_PHASE_STRIP = NO;
				DEBUG_INFORMATION_FORMAT = "dwarf-with-dsym";
				ENABLE_NS_ASSERTIONS = NO;
				ENABLE_STRICT_OBJC_MSGSEND = YES;
				GCC_C_LANGUAGE_STANDARD = gnu11;
				GCC_NO_COMMON_BLOCKS = YES;
				GCC_WARN_64_TO_32_BIT_CONVERSION = YES;
				GCC_WARN_ABOUT_RETURN_TYPE = YES_ERROR;
				GCC_WARN_UNDECLARED_SELECTOR = YES;
				GCC_WARN_UNINITIALIZED_AUTOS = YES_AGGRESSIVE;
				GCC_WARN_UNUSED_FUNCTION = YES;
				GCC_WARN_UNUSED_VARIABLE = YES;
				IPHONEOS_DEPLOYMENT_TARGET = 12.1;
				MTL_ENABLE_DEBUG_INFO = NO;
				MTL_FAST_MATH = YES;
				SDKROOT = iphoneos;
				SWIFT_COMPILATION_MODE = wholemodule;
				SWIFT_OPTIMIZATION_LEVEL = "-O";
				VALIDATE_PRODUCT = YES;
			};
			name = Release;
		};
		DC86293D22BE4D050055DC59 /* Debug */ = {
			isa = XCBuildConfiguration;
			buildSettings = {
				ASSETCATALOG_COMPILER_APPICON_NAME = AppIcon;
				CODE_SIGN_STYLE = Automatic;
				DEVELOPMENT_TEAM = S3RY6Q3EW2;
				INFOPLIST_FILE = "Weather App/Info.plist";
				LD_RUNPATH_SEARCH_PATHS = (
					"$(inherited)",
					"@executable_path/Frameworks",
				);
				PRODUCT_BUNDLE_IDENTIFIER = "com.timwheeler.Weather-App";
				PRODUCT_NAME = "$(TARGET_NAME)";
				SWIFT_VERSION = 4.2;
				TARGETED_DEVICE_FAMILY = "1,2";
			};
			name = Debug;
		};
		DC86293E22BE4D050055DC59 /* Release */ = {
			isa = XCBuildConfiguration;
			buildSettings = {
				ASSETCATALOG_COMPILER_APPICON_NAME = AppIcon;
				CODE_SIGN_STYLE = Automatic;
				DEVELOPMENT_TEAM = S3RY6Q3EW2;
				INFOPLIST_FILE = "Weather App/Info.plist";
				LD_RUNPATH_SEARCH_PATHS = (
					"$(inherited)",
					"@executable_path/Frameworks",
				);
				PRODUCT_BUNDLE_IDENTIFIER = "com.timwheeler.Weather-App";
				PRODUCT_NAME = "$(TARGET_NAME)";
				SWIFT_VERSION = 4.2;
				TARGETED_DEVICE_FAMILY = "1,2";
			};
			name = Release;
		};
		DC86294022BE4D050055DC59 /* Debug */ = {
			isa = XCBuildConfiguration;
			buildSettings = {
				ALWAYS_EMBED_SWIFT_STANDARD_LIBRARIES = YES;
				BUNDLE_LOADER = "$(TEST_HOST)";
				CODE_SIGN_STYLE = Automatic;
				DEVELOPMENT_TEAM = S3RY6Q3EW2;
				INFOPLIST_FILE = "Weather AppTests/Info.plist";
				LD_RUNPATH_SEARCH_PATHS = (
					"$(inherited)",
					"@executable_path/Frameworks",
					"@loader_path/Frameworks",
				);
				PRODUCT_BUNDLE_IDENTIFIER = "com.timwheeler.Weather-AppTests";
				PRODUCT_NAME = "$(TARGET_NAME)";
				SWIFT_VERSION = 4.2;
				TARGETED_DEVICE_FAMILY = "1,2";
				TEST_HOST = "$(BUILT_PRODUCTS_DIR)/Weather App.app/Weather App";
			};
			name = Debug;
		};
		DC86294122BE4D050055DC59 /* Release */ = {
			isa = XCBuildConfiguration;
			buildSettings = {
				ALWAYS_EMBED_SWIFT_STANDARD_LIBRARIES = YES;
				BUNDLE_LOADER = "$(TEST_HOST)";
				CODE_SIGN_STYLE = Automatic;
				DEVELOPMENT_TEAM = S3RY6Q3EW2;
				INFOPLIST_FILE = "Weather AppTests/Info.plist";
				LD_RUNPATH_SEARCH_PATHS = (
					"$(inherited)",
					"@executable_path/Frameworks",
					"@loader_path/Frameworks",
				);
				PRODUCT_BUNDLE_IDENTIFIER = "com.timwheeler.Weather-AppTests";
				PRODUCT_NAME = "$(TARGET_NAME)";
				SWIFT_VERSION = 4.2;
				TARGETED_DEVICE_FAMILY = "1,2";
				TEST_HOST = "$(BUILT_PRODUCTS_DIR)/Weather App.app/Weather App";
			};
			name = Release;
		};
		DC86294322BE4D050055DC59 /* Debug */ = {
			isa = XCBuildConfiguration;
			buildSettings = {
				ALWAYS_EMBED_SWIFT_STANDARD_LIBRARIES = YES;
				CODE_SIGN_STYLE = Automatic;
				DEVELOPMENT_TEAM = S3RY6Q3EW2;
				INFOPLIST_FILE = "Weather AppUITests/Info.plist";
				LD_RUNPATH_SEARCH_PATHS = (
					"$(inherited)",
					"@executable_path/Frameworks",
					"@loader_path/Frameworks",
				);
				PRODUCT_BUNDLE_IDENTIFIER = "com.timwheeler.Weather-AppUITests";
				PRODUCT_NAME = "$(TARGET_NAME)";
				SWIFT_VERSION = 4.2;
				TARGETED_DEVICE_FAMILY = "1,2";
				TEST_TARGET_NAME = "Weather App";
			};
			name = Debug;
		};
		DC86294422BE4D050055DC59 /* Release */ = {
			isa = XCBuildConfiguration;
			buildSettings = {
				ALWAYS_EMBED_SWIFT_STANDARD_LIBRARIES = YES;
				CODE_SIGN_STYLE = Automatic;
				DEVELOPMENT_TEAM = S3RY6Q3EW2;
				INFOPLIST_FILE = "Weather AppUITests/Info.plist";
				LD_RUNPATH_SEARCH_PATHS = (
					"$(inherited)",
					"@executable_path/Frameworks",
					"@loader_path/Frameworks",
				);
				PRODUCT_BUNDLE_IDENTIFIER = "com.timwheeler.Weather-AppUITests";
				PRODUCT_NAME = "$(TARGET_NAME)";
				SWIFT_VERSION = 4.2;
				TARGETED_DEVICE_FAMILY = "1,2";
				TEST_TARGET_NAME = "Weather App";
			};
			name = Release;
		};
/* End XCBuildConfiguration section */

/* Begin XCConfigurationList section */
		DC86290F22BE4D020055DC59 /* Build configuration list for PBXProject "Weather App" */ = {
			isa = XCConfigurationList;
			buildConfigurations = (
				DC86293A22BE4D050055DC59 /* Debug */,
				DC86293B22BE4D050055DC59 /* Release */,
			);
			defaultConfigurationIsVisible = 0;
			defaultConfigurationName = Release;
		};
		DC86293C22BE4D050055DC59 /* Build configuration list for PBXNativeTarget "Weather App" */ = {
			isa = XCConfigurationList;
			buildConfigurations = (
				DC86293D22BE4D050055DC59 /* Debug */,
				DC86293E22BE4D050055DC59 /* Release */,
			);
			defaultConfigurationIsVisible = 0;
			defaultConfigurationName = Release;
		};
		DC86293F22BE4D050055DC59 /* Build configuration list for PBXNativeTarget "Weather AppTests" */ = {
			isa = XCConfigurationList;
			buildConfigurations = (
				DC86294022BE4D050055DC59 /* Debug */,
				DC86294122BE4D050055DC59 /* Release */,
			);
			defaultConfigurationIsVisible = 0;
			defaultConfigurationName = Release;
		};
		DC86294222BE4D050055DC59 /* Build configuration list for PBXNativeTarget "Weather AppUITests" */ = {
			isa = XCConfigurationList;
			buildConfigurations = (
				DC86294322BE4D050055DC59 /* Debug */,
				DC86294422BE4D050055DC59 /* Release */,
			);
			defaultConfigurationIsVisible = 0;
			defaultConfigurationName = Release;
		};
/* End XCConfigurationList section */
	};
	rootObject = DC86290C22BE4D020055DC59 /* Project object */;
}
